
Microsoft Visual Studio Solution File, Format Version 12.00
# Visual Studio 15
VisualStudioVersion = 15.0.26124.0
MinimumVisualStudioVersion = 15.0.26124.0
Project("{FAE04EC0-301F-11D3-BF4B-00C04F79EFBC}") = "Core", "Core\Core.csproj", "{F86DF2C6-A796-4FE2-B877-E310EF4F3FAF}"
EndProject
Project("{FAE04EC0-301F-11D3-BF4B-00C04F79EFBC}") = "Infra", "Infra\Infra.csproj", "{DE737460-900F-4E9F-8121-82D89861390D}"
EndProject
Project("{FAE04EC0-301F-11D3-BF4B-00C04F79EFBC}") = "Api", "Api\Api.csproj", "{4AA2B688-FD02-4274-8926-3F751C5F2D93}"
EndProject
Global
	GlobalSection(SolutionConfigurationPlatforms) = preSolution
		Debug|Any CPU = Debug|Any CPU
		Debug|x64 = Debug|x64
		Debug|x86 = Debug|x86
		Release|Any CPU = Release|Any CPU
		Release|x64 = Release|x64
		Release|x86 = Release|x86
	EndGlobalSection
	GlobalSection(SolutionProperties) = preSolution
		HideSolutionNode = FALSE
	EndGlobalSection
	GlobalSection(ProjectConfigurationPlatforms) = postSolution
		{F86DF2C6-A796-4FE2-B877-E310EF4F3FAF}.Debug|Any CPU.ActiveCfg = Debug|Any CPU
		{F86DF2C6-A796-4FE2-B877-E310EF4F3FAF}.Debug|Any CPU.Build.0 = Debug|Any CPU
		{F86DF2C6-A796-4FE2-B877-E310EF4F3FAF}.Debug|x64.ActiveCfg = Debug|Any CPU
		{F86DF2C6-A796-4FE2-B877-E310EF4F3FAF}.Debug|x64.Build.0 = Debug|Any CPU
		{F86DF2C6-A796-4FE2-B877-E310EF4F3FAF}.Debug|x86.ActiveCfg = Debug|Any CPU
		{F86DF2C6-A796-4FE2-B877-E310EF4F3FAF}.Debug|x86.Build.0 = Debug|Any CPU
		{F86DF2C6-A796-4FE2-B877-E310EF4F3FAF}.Release|Any CPU.ActiveCfg = Release|Any CPU
		{F86DF2C6-A796-4FE2-B877-E310EF4F3FAF}.Release|Any CPU.Build.0 = Release|Any CPU
		{F86DF2C6-A796-4FE2-B877-E310EF4F3FAF}.Release|x64.ActiveCfg = Release|Any CPU
		{F86DF2C6-A796-4FE2-B877-E310EF4F3FAF}.Release|x64.Build.0 = Release|Any CPU
		{F86DF2C6-A796-4FE2-B877-E310EF4F3FAF}.Release|x86.ActiveCfg = Release|Any CPU
		{F86DF2C6-A796-4FE2-B877-E310EF4F3FAF}.Release|x86.Build.0 = Release|Any CPU
		{DE737460-900F-4E9F-8121-82D89861390D}.Debug|Any CPU.ActiveCfg = Debug|Any CPU
		{DE737460-900F-4E9F-8121-82D89861390D}.Debug|Any CPU.Build.0 = Debug|Any CPU
		{DE737460-900F-4E9F-8121-82D89861390D}.Debug|x64.ActiveCfg = Debug|Any CPU
		{DE737460-900F-4E9F-8121-82D89861390D}.Debug|x64.Build.0 = Debug|Any CPU
		{DE737460-900F-4E9F-8121-82D89861390D}.Debug|x86.ActiveCfg = Debug|Any CPU
		{DE737460-900F-4E9F-8121-82D89861390D}.Debug|x86.Build.0 = Debug|Any CPU
		{DE737460-900F-4E9F-8121-82D89861390D}.Release|Any CPU.ActiveCfg = Release|Any CPU
		{DE737460-900F-4E9F-8121-82D89861390D}.Release|Any CPU.Build.0 = Release|Any CPU
		{DE737460-900F-4E9F-8121-82D89861390D}.Release|x64.ActiveCfg = Release|Any CPU
		{DE737460-900F-4E9F-8121-82D89861390D}.Release|x64.Build.0 = Release|Any CPU
		{DE737460-900F-4E9F-8121-82D89861390D}.Release|x86.ActiveCfg = Release|Any CPU
		{DE737460-900F-4E9F-8121-82D89861390D}.Release|x86.Build.0 = Release|Any CPU
		{4AA2B688-FD02-4274-8926-3F751C5F2D93}.Debug|Any CPU.ActiveCfg = Debug|Any CPU
		{4AA2B688-FD02-4274-8926-3F751C5F2D93}.Debug|Any CPU.Build.0 = Debug|Any CPU
		{4AA2B688-FD02-4274-8926-3F751C5F2D93}.Debug|x64.ActiveCfg = Debug|Any CPU
		{4AA2B688-FD02-4274-8926-3F751C5F2D93}.Debug|x64.Build.0 = Debug|Any CPU
		{4AA2B688-FD02-4274-8926-3F751C5F2D93}.Debug|x86.ActiveCfg = Debug|Any CPU
		{4AA2B688-FD02-4274-8926-3F751C5F2D93}.Debug|x86.Build.0 = Debug|Any CPU
		{4AA2B688-FD02-4274-8926-3F751C5F2D93}.Release|Any CPU.ActiveCfg = Release|Any CPU
		{4AA2B688-FD02-4274-8926-3F751C5F2D93}.Release|Any CPU.Build.0 = Release|Any CPU
		{4AA2B688-FD02-4274-8926-3F751C5F2D93}.Release|x64.ActiveCfg = Release|Any CPU
		{4AA2B688-FD02-4274-8926-3F751C5F2D93}.Release|x64.Build.0 = Release|Any CPU
		{4AA2B688-FD02-4274-8926-3F751C5F2D93}.Release|x86.ActiveCfg = Release|Any CPU
		{4AA2B688-FD02-4274-8926-3F751C5F2D93}.Release|x86.Build.0 = Release|Any CPU
	EndGlobalSection
EndGlobal
